
Microsoft Visual Studio Solution File, Format Version 12.00
# Visual Studio Version 17
VisualStudioVersion = 17.5.33424.131
MinimumVisualStudioVersion = 10.0.40219.1
Project("{FAE04EC0-301F-11D3-BF4B-00C04F79EFBC}") = "TrackApp", "TrackApp\TrackApp.csproj", "{99F4F03C-0836-4E03-A0E4-1663E31D9A69}"
EndProject
Global
	GlobalSection(SolutionConfigurationPlatforms) = preSolution
		Debug|Any CPU = Debug|Any CPU
		Release|Any CPU = Release|Any CPU
	EndGlobalSection
	GlobalSection(ProjectConfigurationPlatforms) = postSolution
		{99F4F03C-0836-4E03-A0E4-1663E31D9A69}.Debug|Any CPU.ActiveCfg = Debug|Any CPU
		{99F4F03C-0836-4E03-A0E4-1663E31D9A69}.Debug|Any CPU.Build.0 = Debug|Any CPU
		{99F4F03C-0836-4E03-A0E4-1663E31D9A69}.Release|Any CPU.ActiveCfg = Release|Any CPU
		{99F4F03C-0836-4E03-A0E4-1663E31D9A69}.Release|Any CPU.Build.0 = Release|Any CPU
	EndGlobalSection
	GlobalSection(SolutionProperties) = preSolution
		HideSolutionNode = FALSE
	EndGlobalSection
	GlobalSection(ExtensibilityGlobals) = postSolution
		SolutionGuid = {817C9E16-6DF3-40E6-9ACE-5420A725AA48}
	EndGlobalSection
EndGlobal
